<?xml version="1.0" encoding="utf-8"?>
<Project ToolsVersion="4.0" xmlns="http://schemas.microsoft.com/developer/msbuild/2003">
  <ItemGroup>
    <ClCompile Include="main.cpp" />
    <ClCompile Include="SerialPort.cpp">
      <Filter>SerialPort</Filter>
    </ClCompile>
    <ClCompile Include="EvaluationProtocol.cpp">
      <Filter>Evaluation\protocol</Filter>
    </ClCompile>
    <ClCompile Include="EvaluationData.cpp">
      <Filter>Evaluation\data</Filter>
    </ClCompile>
    <ClCompile Include="EvaluationProcessor.cpp">
      <Filter>Evaluation\processor</Filter>
    </ClCompile>
    <ClCompile Include="EvaluationResult.cpp">
      <Filter>Evaluation\data</Filter>
    </ClCompile>
  </ItemGroup>
  <ItemGroup>
    <ClInclude Include="CommunicationFrameException.h">
      <Filter>SerialPort\Exceptions</Filter>
    </ClInclude>
    <ClInclude Include="CommunicationParityException.h">
      <Filter>SerialPort\Exceptions</Filter>
    </ClInclude>
    <ClInclude Include="PortConfigurationException.h">
      <Filter>SerialPort\Exceptions</Filter>
    </ClInclude>
    <ClInclude Include="PortUnavaliableException.h">
      <Filter>SerialPort\Exceptions</Filter>
    </ClInclude>
    <ClInclude Include="SerialPort.h">
      <Filter>SerialPort</Filter>
    </ClInclude>
    <ClInclude Include="EvaluationProtocol.h">
      <Filter>Evaluation\protocol</Filter>
    </ClInclude>
    <ClInclude Include="..\..\..\slim-crypt-library\src\messages\commands.h">
      <Filter>Evaluation\messages</Filter>
    </ClInclude>
    <ClInclude Include="..\..\..\slim-crypt-library\src\messages\data_transfers.h">
      <Filter>Evaluation\messages</Filter>
    </ClInclude>
    <ClInclude Include="..\..\..\slim-crypt-library\src\messages\message_id.h">
      <Filter>Evaluation\messages</Filter>
    </ClInclude>
    <ClInclude Include="..\..\..\slim-crypt-library\src\messages\responses.h">
      <Filter>Evaluation\messages</Filter>
    </ClInclude>
    <ClInclude Include="EvaluationData.h">
      <Filter>Evaluation\data</Filter>
    </ClInclude>
    <ClInclude Include="EvaluationProcessor.h">
      <Filter>Evaluation\processor</Filter>
    </ClInclude>
    <ClInclude Include="EvaluationResult.h">
      <Filter>Evaluation\data</Filter>
    </ClInclude>
  </ItemGroup>
  <ItemGroup>
    <Filter Include="SerialPort">
      <UniqueIdentifier>{7f36978a-b8f1-485c-be56-b47da346c1ed}</UniqueIdentifier>
    </Filter>
    <Filter Include="SerialPort\Exceptions">
      <UniqueIdentifier>{2edff3b9-2362-46fd-acca-9a58fda03bf8}</UniqueIdentifier>
    </Filter>
    <Filter Include="Evaluation">
      <UniqueIdentifier>{bd8cdcbd-6027-4c7b-8b0a-66f1b205f221}</UniqueIdentifier>
    </Filter>
    <Filter Include="Evaluation\messages">
      <UniqueIdentifier>{b8469b9f-6d05-4195-8dde-0225a448311b}</UniqueIdentifier>
    </Filter>
    <Filter Include="Evaluation\protocol">
      <UniqueIdentifier>{b136d064-c077-4844-8d9b-163e66f3af2b}</UniqueIdentifier>
    </Filter>
    <Filter Include="Evaluation\data">
      <UniqueIdentifier>{766651cc-53af-4bf8-a6f1-9e1342f02c10}</UniqueIdentifier>
    </Filter>
    <Filter Include="Evaluation\processor">
      <UniqueIdentifier>{4c842104-611f-4b36-9d10-f32f43a94879}</UniqueIdentifier>
    </Filter>
  </ItemGroup>
</Project>