<?xml version="1.0" encoding="utf-8"?>
<Project ToolsVersion="4.0" xmlns="http://schemas.microsoft.com/developer/msbuild/2003">
  <ItemGroup>
    <Filter Include="SerialPort">
      <UniqueIdentifier>{78ac9d6f-15a8-4a85-9867-8a19ec62c0b9}</UniqueIdentifier>
    </Filter>
    <Filter Include="SerialPort\Exceptions">
      <UniqueIdentifier>{f5e6e567-bde9-4a24-a7a6-bb91b04544d0}</UniqueIdentifier>
    </Filter>
  </ItemGroup>
  <ItemGroup>
    <ClCompile Include="SerialPort.cpp">
      <Filter>SerialPort</Filter>
    </ClCompile>
    <ClCompile Include="main.cpp" />
  </ItemGroup>
  <ItemGroup>
    <ClInclude Include="SerialPort.h">
      <Filter>SerialPort</Filter>
    </ClInclude>
  </ItemGroup>
</Project>