<?xml version="1.0" encoding="utf-8"?>
<Project ToolsVersion="4.0" xmlns="http://schemas.microsoft.com/developer/msbuild/2003">
  <ItemGroup>
    <ClCompile Include="..\..\..\slim-crypt-library\src\aes\aes.c" />
    <ClCompile Include="..\..\..\slim-crypt-library\src\aes\data\aes_data.c" />
    <ClCompile Include="..\..\..\slim-crypt-library\src\blowfish\blowfish.c" />
    <ClCompile Include="..\..\..\slim-crypt-library\src\blowfish\data\blowfish_data.c" />
    <ClCompile Include="..\..\..\slim-crypt-library\src\des\data\des_data.c" />
    <ClCompile Include="..\..\..\slim-crypt-library\src\des\des.c" />
    <ClCompile Include="..\..\..\slim-crypt-library\src\sha1\data\sha1_data.c" />
    <ClCompile Include="..\..\..\slim-crypt-library\src\sha1\sha1.c" />
    <ClCompile Include="..\..\..\slim-crypt-library\src\tea\tea.c" />
    <ClCompile Include="main.cpp" />
    <ClCompile Include="SerialPort.cpp" />
  </ItemGroup>
  <ItemGroup>
    <ClInclude Include="CommunicationFrameException.h" />
    <ClInclude Include="CommunicationParityException.h" />
    <ClInclude Include="PortConfigurationException.h" />
    <ClInclude Include="PortUnavaliableException.h" />
    <ClInclude Include="SerialPort.h" />
    <ClInclude Include="..\..\..\slim-crypt-library\src\aes\aes.h" />
    <ClInclude Include="..\..\..\slim-crypt-library\src\aes\data\aes_data.h" />
    <ClInclude Include="..\..\..\slim-crypt-library\src\blowfish\blowfish.h" />
    <ClInclude Include="..\..\..\slim-crypt-library\src\blowfish\data\blowfish_data.h" />
    <ClInclude Include="..\..\..\slim-crypt-library\src\des\data\des_data.h" />
    <ClInclude Include="..\..\..\slim-crypt-library\src\des\des.h" />
    <ClInclude Include="..\..\..\slim-crypt-library\src\sha1\data\sha1_data.h" />
    <ClInclude Include="..\..\..\slim-crypt-library\src\sha1\sha1.h" />
    <ClInclude Include="..\..\..\slim-crypt-library\src\tea\tea.h" />
  </ItemGroup>
  <ItemGroup>
    <Filter Include="Encryption">
      <UniqueIdentifier>{7da696ec-dd26-4196-b9b1-193912ec014c}</UniqueIdentifier>
    </Filter>
    <Filter Include="SerialPort">
      <UniqueIdentifier>{7f36978a-b8f1-485c-be56-b47da346c1ed}</UniqueIdentifier>
    </Filter>
  </ItemGroup>
</Project>